
Microsoft Visual Studio Solution File, Format Version 12.00
# Visual Studio Version 17
VisualStudioVersion = 17.2.32616.157
MinimumVisualStudioVersion = 10.0.40219.1
Project("{FAE04EC0-301F-11D3-BF4B-00C04F79EFBC}") = "PasswordManager", "PasswordManager\PasswordManager.csproj", "{219B5BE3-1CCA-4CF0-92D7-E38A4C50511F}"
EndProject
Global
	GlobalSection(SolutionConfigurationPlatforms) = preSolution
		Debug|Any CPU = Debug|Any CPU
		Release|Any CPU = Release|Any CPU
	EndGlobalSection
	GlobalSection(ProjectConfigurationPlatforms) = postSolution
		{219B5BE3-1CCA-4CF0-92D7-E38A4C50511F}.Debug|Any CPU.ActiveCfg = Debug|Any CPU
		{219B5BE3-1CCA-4CF0-92D7-E38A4C50511F}.Debug|Any CPU.Build.0 = Debug|Any CPU
		{219B5BE3-1CCA-4CF0-92D7-E38A4C50511F}.Release|Any CPU.ActiveCfg = Release|Any CPU
		{219B5BE3-1CCA-4CF0-92D7-E38A4C50511F}.Release|Any CPU.Build.0 = Release|Any CPU
	EndGlobalSection
	GlobalSection(SolutionProperties) = preSolution
		HideSolutionNode = FALSE
	EndGlobalSection
	GlobalSection(ExtensibilityGlobals) = postSolution
		SolutionGuid = {D5B8C28D-7E00-4BA7-AA4C-D45BBC7781C7}
	EndGlobalSection
EndGlobal
